
Microsoft Visual Studio Solution File, Format Version 12.00
# Visual Studio Version 16
VisualStudioVersion = 16.0.30104.148
MinimumVisualStudioVersion = 10.0.40219.1
Project("{FAE04EC0-301F-11D3-BF4B-00C04F79EFBC}") = "AgileDotNet-StringDeobfuscator", "AgileDotNet-StringDeobfuscator\AgileDotNet-StringDeobfuscator.csproj", "{0D802D0E-A9B8-46FD-9CC5-A7AB75A9C55A}"
EndProject
Global
	GlobalSection(SolutionConfigurationPlatforms) = preSolution
		Debug|Any CPU = Debug|Any CPU
		Release|Any CPU = Release|Any CPU
	EndGlobalSection
	GlobalSection(ProjectConfigurationPlatforms) = postSolution
		{0D802D0E-A9B8-46FD-9CC5-A7AB75A9C55A}.Debug|Any CPU.ActiveCfg = Debug|Any CPU
		{0D802D0E-A9B8-46FD-9CC5-A7AB75A9C55A}.Debug|Any CPU.Build.0 = Debug|Any CPU
		{0D802D0E-A9B8-46FD-9CC5-A7AB75A9C55A}.Release|Any CPU.ActiveCfg = Release|Any CPU
		{0D802D0E-A9B8-46FD-9CC5-A7AB75A9C55A}.Release|Any CPU.Build.0 = Release|Any CPU
	EndGlobalSection
	GlobalSection(SolutionProperties) = preSolution
		HideSolutionNode = FALSE
	EndGlobalSection
	GlobalSection(ExtensibilityGlobals) = postSolution
		SolutionGuid = {5CFF9084-D633-41F2-8289-6BF72FD3C536}
	EndGlobalSection
EndGlobal
